
Microsoft Visual Studio Solution File, Format Version 12.00
# Visual Studio Version 16
VisualStudioVersion = 16.0.30413.136
MinimumVisualStudioVersion = 10.0.40219.1
Project("{FAE04EC0-301F-11D3-BF4B-00C04F79EFBC}") = "lab4", "lab4\lab4.csproj", "{80A706D7-E266-4A23-B6BD-4B4006E4C405}"
EndProject
Global
	GlobalSection(SolutionConfigurationPlatforms) = preSolution
		Debug|Any CPU = Debug|Any CPU
		Release|Any CPU = Release|Any CPU
	EndGlobalSection
	GlobalSection(ProjectConfigurationPlatforms) = postSolution
		{80A706D7-E266-4A23-B6BD-4B4006E4C405}.Debug|Any CPU.ActiveCfg = Debug|Any CPU
		{80A706D7-E266-4A23-B6BD-4B4006E4C405}.Debug|Any CPU.Build.0 = Debug|Any CPU
		{80A706D7-E266-4A23-B6BD-4B4006E4C405}.Release|Any CPU.ActiveCfg = Release|Any CPU
		{80A706D7-E266-4A23-B6BD-4B4006E4C405}.Release|Any CPU.Build.0 = Release|Any CPU
	EndGlobalSection
	GlobalSection(SolutionProperties) = preSolution
		HideSolutionNode = FALSE
	EndGlobalSection
	GlobalSection(ExtensibilityGlobals) = postSolution
		SolutionGuid = {CAC9509F-28A4-474C-A7F5-E511026C93C2}
	EndGlobalSection
EndGlobal
